{
    "_readme": [
        "This file locks the dependencies of your project to a known state",
        "Read more about it at https://getcomposer.org/doc/01-basic-usage.md#installing-dependencies",
        "This file is @generated automatically"
    ],
    "content-hash": "396e0381081dbf911f96d7dc2d931df0",
    "packages": [
        {
            "name": "itselijahwood/profanity",
            "version": "v1.0.2",
            "source": {
                "type": "git",
                "url": "https://github.com/ItsElijahWood/profanity.git",
                "reference": "68bd2037dfd2a2069bbaf35cee1cb3199b310af7"
            },
            "dist": {
                "type": "zip",
                "url": "https://api.github.com/repos/ItsElijahWood/profanity/zipball/68bd2037dfd2a2069bbaf35cee1cb3199b310af7",
                "reference": "68bd2037dfd2a2069bbaf35cee1cb3199b310af7",
                "shasum": ""
            },
            "type": "library",
            "autoload": {
                "psr-4": {
                    "ItsElijahWood\\Profanity\\": "src/"
                }
            },
            "notification-url": "https://packagist.org/downloads/",
            "license": [
                "MIT"
            ],
            "authors": [
                {
                    "name": "itselijahwood"
                }
            ],
            "description": "A profanity checker, filters swear words in a string.",
            "support": {
                "issues": "https://github.com/ItsElijahWood/profanity/issues",
                "source": "https://github.com/ItsElijahWood/profanity/tree/v1.0.2"
            },
            "time": "2025-02-20T23:29:51+00:00"
        }
    ],
    "packages-dev": [],
    "aliases": [],
    "minimum-stability": "stable",
    "stability-flags": {},
    "prefer-stable": false,
    "prefer-lowest": false,
    "platform": {},
    "platform-dev": {},
    "plugin-api-version": "2.6.0"
}
